# This file is autogenerated, do not edit; changes may be undone by the next 'dep ensure'.


[[projects]]
  name = "github.com/stretchr/testify"
  packages = ["assert"]
  revision = "ddcad49ec6b8f31bc3daf3a1fbea7eac58d61ff0"

[[projects]]
  name = "gopkg.in/Clever/gearman.v2"
  packages = ["job","packet","scanner","utils"]
  revision = "d2560ca62280345c831fdce79fd9fa13e537be59"
  version = "v2.0.2"

[solve-meta]
  analyzer-name = "dep"
  analyzer-version = 1
  inputs-digest = "0f4c698603d101588f7d9b8db5039951ade84199ac8cf9aec661c2f380e86043"
  solver-name = "gps-cdcl"
  solver-version = 1
